
Microsoft Visual Studio Solution File, Format Version 12.00
# Visual Studio Version 16
VisualStudioVersion = 16.0.29509.3
MinimumVisualStudioVersion = 10.0.40219.1
Project("{9A19103F-16F7-4668-BE54-9A1E7A4F7556}") = "Calendar", "Calendar\Calendar.csproj", "{6F8B4EDD-8CD3-40DA-A841-580FB868A3AF}"
EndProject
Project("{00D1A9C2-B5F0-4AF3-8072-F6C62B433612}") = "Database", "Database\Database.sqlproj", "{7FF98655-CFB6-4D47-A5AF-5D21646E021E}"
EndProject
Project("{9A19103F-16F7-4668-BE54-9A1E7A4F7556}") = "BusinessCore", "BusinessCore\BusinessCore.csproj", "{5A344E81-8D1D-4454-81A5-E04ACD1E7C6A}"
EndProject
Project("{9A19103F-16F7-4668-BE54-9A1E7A4F7556}") = "DataCore", "DataCore\DataCore.csproj", "{54692AFB-BA38-4742-825E-BB7EC3585E7F}"
EndProject
Global
	GlobalSection(SolutionConfigurationPlatforms) = preSolution
		Debug|Any CPU = Debug|Any CPU
		Release|Any CPU = Release|Any CPU
	EndGlobalSection
	GlobalSection(ProjectConfigurationPlatforms) = postSolution
		{6F8B4EDD-8CD3-40DA-A841-580FB868A3AF}.Debug|Any CPU.ActiveCfg = Debug|Any CPU
		{6F8B4EDD-8CD3-40DA-A841-580FB868A3AF}.Debug|Any CPU.Build.0 = Debug|Any CPU
		{6F8B4EDD-8CD3-40DA-A841-580FB868A3AF}.Release|Any CPU.ActiveCfg = Release|Any CPU
		{6F8B4EDD-8CD3-40DA-A841-580FB868A3AF}.Release|Any CPU.Build.0 = Release|Any CPU
		{7FF98655-CFB6-4D47-A5AF-5D21646E021E}.Debug|Any CPU.ActiveCfg = Debug|Any CPU
		{7FF98655-CFB6-4D47-A5AF-5D21646E021E}.Debug|Any CPU.Build.0 = Debug|Any CPU
		{7FF98655-CFB6-4D47-A5AF-5D21646E021E}.Debug|Any CPU.Deploy.0 = Debug|Any CPU
		{7FF98655-CFB6-4D47-A5AF-5D21646E021E}.Release|Any CPU.ActiveCfg = Release|Any CPU
		{7FF98655-CFB6-4D47-A5AF-5D21646E021E}.Release|Any CPU.Build.0 = Release|Any CPU
		{7FF98655-CFB6-4D47-A5AF-5D21646E021E}.Release|Any CPU.Deploy.0 = Release|Any CPU
		{5A344E81-8D1D-4454-81A5-E04ACD1E7C6A}.Debug|Any CPU.ActiveCfg = Debug|Any CPU
		{5A344E81-8D1D-4454-81A5-E04ACD1E7C6A}.Debug|Any CPU.Build.0 = Debug|Any CPU
		{5A344E81-8D1D-4454-81A5-E04ACD1E7C6A}.Release|Any CPU.ActiveCfg = Release|Any CPU
		{5A344E81-8D1D-4454-81A5-E04ACD1E7C6A}.Release|Any CPU.Build.0 = Release|Any CPU
		{54692AFB-BA38-4742-825E-BB7EC3585E7F}.Debug|Any CPU.ActiveCfg = Debug|Any CPU
		{54692AFB-BA38-4742-825E-BB7EC3585E7F}.Debug|Any CPU.Build.0 = Debug|Any CPU
		{54692AFB-BA38-4742-825E-BB7EC3585E7F}.Release|Any CPU.ActiveCfg = Release|Any CPU
		{54692AFB-BA38-4742-825E-BB7EC3585E7F}.Release|Any CPU.Build.0 = Release|Any CPU
	EndGlobalSection
	GlobalSection(SolutionProperties) = preSolution
		HideSolutionNode = FALSE
	EndGlobalSection
	GlobalSection(ExtensibilityGlobals) = postSolution
		SolutionGuid = {40A7231F-A2F2-4F1F-9B30-11190E851C2A}
	EndGlobalSection
EndGlobal
